{
  "version": "2",
  "remote": {
    "https://deno.land/std@0.150.0/media_types/_util.ts": "ce9b4fc4ba1c447dafab619055e20fd88236ca6bdd7834a21f98bd193c3fbfa1",
    "https://deno.land/std@0.150.0/media_types/mod.ts": "2d4b6f32a087029272dc59e0a55ae3cc4d1b27b794ccf528e94b1925795b3118",
    "https://deno.land/std@0.150.0/media_types/vendor/mime-db.v1.52.0.ts": "724cee25fa40f1a52d3937d6b4fbbfdd7791ff55e1b7ac08d9319d5632c7f5af",
    "https://deno.land/x/xhr@0.3.0/mod.ts": "094aacd627fd9635cd942053bf8032b5223b909858fa9dc8ffa583752ff63b20",
    "https://esm.sh/@dagger.io/dagger@0.8.2": "cea1c0035654d50d0912d4e48350ea76e16261e883d219caa2df203c253c4615",
    "https://esm.sh/v130/@dagger.io/dagger@0.8.2/denonext/dagger.mjs": "4463dc09e6b70460375208c9030286a5c70069073c3c3a647d7957172c4389d2",
    "https://esm.sh/v130/adm-zip@0.5.10/denonext/adm-zip.mjs": "e6505fdeb921a6034953449ce9ec389b2fbaa03a14cb22ead51edf4f4595acf4",
    "https://esm.sh/v130/chownr@2.0.0/denonext/chownr.mjs": "30b8f17084dfbe475a5052b615f706b06ddd17dca0535103340d485c6b94e952",
    "https://esm.sh/v130/cross-fetch@3.1.8/denonext/cross-fetch.mjs": "8fba9e7c3fbaf0d2168beb63ce0cd21b5bfbfbd77e2fcbf8d957d533a71222f6",
    "https://esm.sh/v130/cross-spawn@7.0.3/denonext/cross-spawn.mjs": "a5f86a18d86daa0d04720e6a6315b04db9c0c1cdda7c438a42757a25f5262480",
    "https://esm.sh/v130/env-paths@3.0.0/denonext/env-paths.mjs": "77984a05eb16450087f25060a070ed500ec546719d471143e16d976ca73ca956",
    "https://esm.sh/v130/execa@7.2.0/denonext/execa.mjs": "e826df3b438cbd45cdbc40a17f5d8692b58494f0c574bc24da1a554dcf491023",
    "https://esm.sh/v130/fs-minipass@2.1.0/denonext/fs-minipass.mjs": "ce8b64ba84e30ce620434a2e7980beb604c703641e1998a51ac41c1fddaedace",
    "https://esm.sh/v130/get-stream@6.0.1/denonext/get-stream.mjs": "a947a16f8cb3052fd654a84f8b36b40ce96b6a5acfb3ad4ab69d814bcf3351fb",
    "https://esm.sh/v130/graphql-request@6.1.0/denonext/graphql-request.mjs": "833b75b6e51b2eab5573d15001a6d7b22f8a78d5fc97e349546b09437a7c2516",
    "https://esm.sh/v130/graphql-tag@2.12.6/denonext/graphql-tag.mjs": "105a470a8980e0040f4fb8319914de8b6f5a206a03acd4f889cabe4e687adc70",
    "https://esm.sh/v130/graphql@16.7.1/denonext/graphql.mjs": "418ad7c07b0f2d687f33b6275d3b5f317f4afbef1f462f318229f458dff45416",
    "https://esm.sh/v130/human-signals@4.3.1/denonext/human-signals.mjs": "3889110cedd907804443d018cffe0a1d892d5e7467661376caf967feff55cbe9",
    "https://esm.sh/v130/is-stream@3.0.0/denonext/is-stream.mjs": "5c8b65f2fa051c4b18e88bbae11dac8bba9caf57752577d69bcea86d1f05c5b7",
    "https://esm.sh/v130/isexe@2.0.0/denonext/isexe.mjs": "3cfefd270d1bfdfb864ee98dbb8f41d150cbf480925158f4a8f0ade8a9e17d6c",
    "https://esm.sh/v130/merge-stream@2.0.0/denonext/merge-stream.mjs": "2c2af22401c294158d6bff659d157e3d2c028c218cc1bd2246534a45a4c03c61",
    "https://esm.sh/v130/mimic-fn@4.0.0/denonext/mimic-fn.mjs": "10bcf0f2f20cbbba0c289ef7bf4d2422639bbc1c36c247be876afd6fe2d67138",
    "https://esm.sh/v130/minipass@3.3.6/denonext/minipass.mjs": "59bbe430514455e78cb30c389b21af66efb2bf010cda071820a17d8c76d0d1cf",
    "https://esm.sh/v130/minipass@5.0.0/denonext/minipass.mjs": "de0e049728f8c387b58c86439eb9d69a16b6a88756a6bc694e2fecbd7fd00401",
    "https://esm.sh/v130/minizlib@2.1.2/denonext/minizlib.mjs": "a6fbb17b92d842d4927a71f9011daedcd21cf103eb98435ef2a38cb0bd39fc84",
    "https://esm.sh/v130/mkdirp@1.0.4/denonext/mkdirp.mjs": "ee129b32e55dd8bede6b1bbd1978f7775fa5e2720d5a7ae07bf1e8c99abd77c7",
    "https://esm.sh/v130/node-color-log@10.0.2/denonext/node-color-log.mjs": "2504391bd0ce1dd4c2bf0ed0b839b8a3ad84c028d9dd17cc58dccd2e14dacfde",
    "https://esm.sh/v130/node_fetch.js": "eb4be18bc6ed9f45aacb943cc12e2d9a7dff73537dc6155b96e8c7ab3f79b6ba",
    "https://esm.sh/v130/npm-run-path@5.1.0/denonext/npm-run-path.mjs": "99bd9649e662411614ac135f31c8c22a8eb0eea563efc4154596b902fdc5df8a",
    "https://esm.sh/v130/onetime@6.0.0/denonext/onetime.mjs": "5c5060d5de8e77bc12fb4cd5da24afe9845515f55edc325b6f172565f68659f3",
    "https://esm.sh/v130/original-fs@1.2.0/denonext/original-fs.mjs": "2b1098818e54d2c6748ff5b0dd9ea5f6a61b4b6d0f63fb625f21773d11cfc667",
    "https://esm.sh/v130/path-key@3.1.1/denonext/path-key.mjs": "add83c631278b7df9b33ae84e41142db88bb291295bcc27eb4e77a1cbdfa71d0",
    "https://esm.sh/v130/path-key@4.0.0/denonext/path-key.mjs": "2c2e3922bd0e6e414fa2752ff800bdc6b9208035ce797fa22e49b859f8259417",
    "https://esm.sh/v130/shebang-command@2.0.0/denonext/shebang-command.mjs": "8b2b4e3c0a6c501876045dff3ae6bbbede35fee231fad6cbd81179bf675082c9",
    "https://esm.sh/v130/shebang-regex@3.0.0/denonext/shebang-regex.mjs": "03983ba59dd2cba9402935e21b46d05f5249364cba9f5757aef23c6c2fea65b9",
    "https://esm.sh/v130/signal-exit@3.0.7/denonext/signal-exit.mjs": "2a176e5f9b351fa8057213c627a1503d63bf308b64447ef47f1ca6fbb2a91c81",
    "https://esm.sh/v130/strip-final-newline@3.0.0/denonext/strip-final-newline.mjs": "03d9be4e8a249d63cbbddeb2fb675a1bbbcb335283e604d4ce56c88c90e6f102",
    "https://esm.sh/v130/tar@6.1.15/denonext/tar.mjs": "5654aac3f5c064ae5e12ff239f3bc440797d421bd9e28fb4c8a5f41d0a4106d2",
    "https://esm.sh/v130/tslib@2.6.1/denonext/tslib.mjs": "4694ecbc32a05aa4a37497b65f3e55018c24b2a4e4f05462a7746fc4850b4791",
    "https://esm.sh/v130/which@2.0.2/denonext/which.mjs": "29947b7ab89944607c710f2c776550619315f555e87c560911796e006ed01ae1",
    "https://esm.sh/v130/yallist@4.0.0/denonext/yallist.mjs": "61f180d807dda50bac17028eda05d5722a3fecef6e98a9064e2353ea6864fd82"
  }
}
